Microsoft Visual Studio Solution File, Format Version 11.00
# Visual Studio 2008

Project("{70F94492-79E4-1FB1-EF6D-E29A3AEADFB6}") = "cse3541_lab2-master", "Assembly-CSharp.csproj", "{6129AE3C-8305-FA85-D85A-FCCB35904C0C}"
EndProject
Global
	GlobalSection(SolutionConfigurationPlatforms) = preSolution
		Debug|Any CPU = Debug|Any CPU
		Release|Any CPU = Release|Any CPU
	EndGlobalSection
	GlobalSection(ProjectConfigurationPlatforms) = postSolution
		{6129AE3C-8305-FA85-D85A-FCCB35904C0C}.Debug|Any CPU.ActiveCfg = Debug|Any CPU
		{6129AE3C-8305-FA85-D85A-FCCB35904C0C}.Debug|Any CPU.Build.0 = Debug|Any CPU
		{6129AE3C-8305-FA85-D85A-FCCB35904C0C}.Release|Any CPU.ActiveCfg = Release|Any CPU
		{6129AE3C-8305-FA85-D85A-FCCB35904C0C}.Release|Any CPU.Build.0 = Release|Any CPU
	EndGlobalSection
	GlobalSection(SolutionProperties) = preSolution
		HideSolutionNode = FALSE
	EndGlobalSection
	GlobalSection(MonoDevelopProperties) = preSolution
		StartupItem = Assembly-CSharp.csproj
	EndGlobalSection
EndGlobal
